
Microsoft Visual Studio Solution File, Format Version 12.00
# Visual Studio Version 17
VisualStudioVersion = 17.4.33122.133
MinimumVisualStudioVersion = 10.0.40219.1
Project("{FAE04EC0-301F-11D3-BF4B-00C04F79EFBC}") = "ConsoleReadXml", "ConsoleReadXml.csproj", "{BC8D3A96-8A24-4D07-BC66-FB61DB1BF184}"
EndProject
Global
	GlobalSection(SolutionConfigurationPlatforms) = preSolution
		Debug|Any CPU = Debug|Any CPU
		Release|Any CPU = Release|Any CPU
	EndGlobalSection
	GlobalSection(ProjectConfigurationPlatforms) = postSolution
		{BC8D3A96-8A24-4D07-BC66-FB61DB1BF184}.Debug|Any CPU.ActiveCfg = Debug|Any CPU
		{BC8D3A96-8A24-4D07-BC66-FB61DB1BF184}.Debug|Any CPU.Build.0 = Debug|Any CPU
		{BC8D3A96-8A24-4D07-BC66-FB61DB1BF184}.Release|Any CPU.ActiveCfg = Release|Any CPU
		{BC8D3A96-8A24-4D07-BC66-FB61DB1BF184}.Release|Any CPU.Build.0 = Release|Any CPU
	EndGlobalSection
	GlobalSection(SolutionProperties) = preSolution
		HideSolutionNode = FALSE
	EndGlobalSection
	GlobalSection(ExtensibilityGlobals) = postSolution
		SolutionGuid = {3309E046-15CB-4125-9D34-26DB267A57F0}
	EndGlobalSection
EndGlobal
